[[package]]
name = "asyncio-dgram"
version = "2.1.2"
description = "Higher level Datagram support for Asyncio"
category = "main"
optional = false
python-versions = ">=3.5"

[package.extras]
test = ["black (>=20.8b1)", "flake8 (>=3.8.3)", "mypy-extensions (>=0.4.3)", "mypy (>=0.812)", "pytest-asyncio (>=0.14.0)", "pytest (>=5.4.3)", "typed-ast (>=1.4.3)", "typing-extensions (>=3.10.0.0)"]

[[package]]
name = "click"
version = "8.1.3"
description = "Composable command line interface toolkit"
category = "main"
optional = false
python-versions = ">=3.7"

[package.dependencies]
colorama = {version = "*", markers = "platform_system == \"Windows\""}

[[package]]
name = "colorama"
version = "0.4.5"
description = "Cross-platform colored terminal text."
category = "main"
optional = false
python-versions = ">=2.7, !=3.0.*, !=3.1.*, !=3.2.*, !=3.3.*, !=3.4.*"

[[package]]
name = "dnspython"
version = "2.2.1"
description = "DNS toolkit"
category = "main"
optional = false
python-versions = ">=3.6,<4.0"

[package.extras]
dnssec = ["cryptography (>=2.6,<37.0)"]
curio = ["curio (>=1.2,<2.0)", "sniffio (>=1.1,<2.0)"]
doh = ["h2 (>=4.1.0)", "httpx (>=0.21.1)", "requests (>=2.23.0,<3.0.0)", "requests-toolbelt (>=0.9.1,<0.10.0)"]
idna = ["idna (>=2.1,<4.0)"]
trio = ["trio (>=0.14,<0.20)"]
wmi = ["wmi (>=1.5.1,<2.0.0)"]

[[package]]
name = "mcstatus"
version = "9.2.0"
description = "A library to query Minecraft Servers for their status and capabilities."
category = "main"
optional = false
python-versions = ">=3.7,<4"

[package.dependencies]
asyncio-dgram = "2.1.2"
click = ">=7.1.2,<9"
dnspython = "2.2.1"

[metadata]
lock-version = "1.1"
python-versions = "^3.9"
content-hash = "a9885279414b8e54b1b573794a63a892d7354fcd7675f8dca46c568ccc0395c5"

[metadata.files]
asyncio-dgram = [
    {file = "asyncio-dgram-2.1.2.tar.gz", hash = "sha256:bc28a90bc0523009fb0da16ca983c1400ff403a315754d86e037910563697f91"},
    {file = "asyncio_dgram-2.1.2-py3-none-any.whl", hash = "sha256:9ef55fc760f93c8212709329a1e28a1cf1c1f0fc8222f1be0227c2b7606a10a2"},
]
click = [
    {file = "click-8.1.3-py3-none-any.whl", hash = "sha256:bb4d8133cb15a609f44e8213d9b391b0809795062913b383c62be0ee95b1db48"},
    {file = "click-8.1.3.tar.gz", hash = "sha256:7682dc8afb30297001674575ea00d1814d808d6a36af415a82bd481d37ba7b8e"},
]
colorama = [
    {file = "colorama-0.4.5-py2.py3-none-any.whl", hash = "sha256:854bf444933e37f5824ae7bfc1e98d5bce2ebe4160d46b5edf346a89358e99da"},
    {file = "colorama-0.4.5.tar.gz", hash = "sha256:e6c6b4334fc50988a639d9b98aa429a0b57da6e17b9a44f0451f930b6967b7a4"},
]
dnspython = [
    {file = "dnspython-2.2.1-py3-none-any.whl", hash = "sha256:a851e51367fb93e9e1361732c1d60dab63eff98712e503ea7d92e6eccb109b4f"},
    {file = "dnspython-2.2.1.tar.gz", hash = "sha256:0f7569a4a6ff151958b64304071d370daa3243d15941a7beedf0c9fe5105603e"},
]
mcstatus = [
    {file = "mcstatus-9.2.0-py3-none-any.whl", hash = "sha256:16b1e117d0b74e2d056b80e177f112ee5cb4b8d25dc1da45aa5b3e714010ea1f"},
    {file = "mcstatus-9.2.0.tar.gz", hash = "sha256:bbb79380a8e21fcc6188ed022f2c516ab59cf5a825a2eab95ed9b29ffede098f"},
]
